
Microsoft Visual Studio Solution File, Format Version 12.00
# Visual Studio 15
VisualStudioVersion = 15.0.28010.0
MinimumVisualStudioVersion = 10.0.40219.1
Project("{FAE04EC0-301F-11D3-BF4B-00C04F79EFBC}") = "SpecflowFirst", "SpecflowFirst\SpecflowFirst.csproj", "{D5337714-DAAC-43BA-95FF-1B6CEA5DB33E}"
EndProject
Global
	GlobalSection(SolutionConfigurationPlatforms) = preSolution
		Debug|Any CPU = Debug|Any CPU
		Release|Any CPU = Release|Any CPU
	EndGlobalSection
	GlobalSection(ProjectConfigurationPlatforms) = postSolution
		{D5337714-DAAC-43BA-95FF-1B6CEA5DB33E}.Debug|Any CPU.ActiveCfg = Debug|Any CPU
		{D5337714-DAAC-43BA-95FF-1B6CEA5DB33E}.Debug|Any CPU.Build.0 = Debug|Any CPU
		{D5337714-DAAC-43BA-95FF-1B6CEA5DB33E}.Release|Any CPU.ActiveCfg = Release|Any CPU
		{D5337714-DAAC-43BA-95FF-1B6CEA5DB33E}.Release|Any CPU.Build.0 = Release|Any CPU
	EndGlobalSection
	GlobalSection(SolutionProperties) = preSolution
		HideSolutionNode = FALSE
	EndGlobalSection
	GlobalSection(ExtensibilityGlobals) = postSolution
		SolutionGuid = {C26B589D-0279-4BA0-AAFF-1E77871F1378}
	EndGlobalSection
EndGlobal
